dependencies:
- name: mysql
  repository: https://charts.bitnami.com/bitnami
  version: 9.16.1
- name: minio
  repository: https://charts.bitnami.com/bitnami
  version: 12.13.1
- name: postgresql
  repository: https://charts.bitnami.com/bitnami
  version: 18.12.4
- name: mysql
  repository: https://charts.bitnami.com/bitnami
  version: 9.16.1
- name: mongodb
  repository: https://charts.bitnami.com/bitnami
  version: 13.18.5
- name: postgresql
  repository: https://charts.bitnami.com/bitnami
  version: 18.12.4
- name: postgresql
  repository: https://charts.bitnami.com/bitnami
  version: 18.12.4
- name: mongodb
  repository: https://charts.bitnami.com/bitnami
  version: 13.18.5
- name: mongodb
  repository: https://charts.bitnami.com/bitnami
  version: 13.18.5
digest: sha256:4ad2ca1feb03f889975f0bc6f30c1fd2eff220a0475a5aa79b2951898fb2658e
generated: "2026-10-01T13:34:08.403799314Z"
