dependencies:
- name: mysql
  repository: https://charts.bitnami.com/bitnami
  version: 9.16.1
- name: minio
  repository: https://charts.bitnami.com/bitnami
  version: 12.13.1
- name: postgresql
  repository: https://charts.bitnami.com/bitnami
  version: 16.7.13
- name: mysql
  repository: https://charts.bitnami.com/bitnami
  version: 9.16.1
- name: mongodb
  repository: https://charts.bitnami.com/bitnami
  version: 13.18.5
- name: postgresql
  repository: https://charts.bitnami.com/bitnami
  version: 16.7.13
- name: postgresql
  repository: https://charts.bitnami.com/bitnami
  version: 16.7.13
- name: mongodb
  repository: https://charts.bitnami.com/bitnami
  version: 13.18.5
digest: sha256:aaf772f774b6115b7687ee572b8b508bfa68fb3ca79c4897ad493de5cf1ab786
generated: "2025-06-19T17:02:43.624166776Z"
