dependencies:
- name: mysql
  repository: https://charts.bitnami.com/bitnami
  version: 12.2.1
- name: minio
  repository: https://charts.bitnami.com/bitnami
  version: 12.13.1
- name: postgresql
  repository: https://charts.bitnami.com/bitnami
  version: 12.12.10
- name: mysql
  repository: https://charts.bitnami.com/bitnami
  version: 12.2.1
- name: mongodb
  repository: https://charts.bitnami.com/bitnami
  version: 13.18.5
- name: postgresql
  repository: https://charts.bitnami.com/bitnami
  version: 12.12.10
- name: postgresql
  repository: https://charts.bitnami.com/bitnami
  version: 12.12.10
digest: sha256:f68d381c304768113a92a1d69a1ce434f58d82a694497d610d6ede7a69b8a7b1
generated: "2025-01-17T10:18:05.306018334Z"
